
Microsoft Visual Studio Solution File, Format Version 12.00
# Visual Studio Version 16
VisualStudioVersion = 16.0.29411.108
MinimumVisualStudioVersion = 10.0.40219.1
Project("{888888A0-9F3D-457C-B088-3A5042F75D52}") = "DB_connection", "DB_connection.pyproj", "{61AF22C8-744A-49D2-81F8-59BE3DCE492C}"
EndProject
Global
	GlobalSection(SolutionConfigurationPlatforms) = preSolution
		Debug|Any CPU = Debug|Any CPU
		Release|Any CPU = Release|Any CPU
	EndGlobalSection
	GlobalSection(ProjectConfigurationPlatforms) = postSolution
		{61AF22C8-744A-49D2-81F8-59BE3DCE492C}.Debug|Any CPU.ActiveCfg = Debug|Any CPU
		{61AF22C8-744A-49D2-81F8-59BE3DCE492C}.Release|Any CPU.ActiveCfg = Release|Any CPU
	EndGlobalSection
	GlobalSection(SolutionProperties) = preSolution
		HideSolutionNode = FALSE
	EndGlobalSection
	GlobalSection(ExtensibilityGlobals) = postSolution
		SolutionGuid = {C5D818FB-F368-44A7-983B-8644CE01B82D}
	EndGlobalSection
EndGlobal
